
Microsoft Visual Studio Solution File, Format Version 12.00
# Visual Studio 15
VisualStudioVersion = 15.0.28307.271
MinimumVisualStudioVersion = 10.0.40219.1
Project("{FAE04EC0-301F-11D3-BF4B-00C04F79EFBC}") = "VIP", "VIP.csproj", "{2080BF32-0E09-4D71-980D-F9375ABE5DB5}"
EndProject
Global
	GlobalSection(SolutionConfigurationPlatforms) = preSolution
		Debug|x86 = Debug|x86
		Release|x86 = Release|x86
	EndGlobalSection
	GlobalSection(ProjectConfigurationPlatforms) = postSolution
		{2080BF32-0E09-4D71-980D-F9375ABE5DB5}.Debug|x86.ActiveCfg = Debug|x86
		{2080BF32-0E09-4D71-980D-F9375ABE5DB5}.Debug|x86.Build.0 = Debug|x86
		{2080BF32-0E09-4D71-980D-F9375ABE5DB5}.Release|x86.ActiveCfg = Release|x86
		{2080BF32-0E09-4D71-980D-F9375ABE5DB5}.Release|x86.Build.0 = Release|x86
	EndGlobalSection
	GlobalSection(SolutionProperties) = preSolution
		HideSolutionNode = FALSE
	EndGlobalSection
	GlobalSection(ExtensibilityGlobals) = postSolution
		SolutionGuid = {6FE60BE6-3F21-4E2F-A499-CF7C94643663}
	EndGlobalSection
EndGlobal
